
Microsoft Visual Studio Solution File, Format Version 12.00
# Visual Studio Version 17
VisualStudioVersion = 17.5.002.0
MinimumVisualStudioVersion = 10.0.40219.1
Project("{9A19103F-16F7-4668-BE54-9A1E7A4F7556}") = "10.09.2024(webowe)", "10.09.2024(webowe).csproj", "{FBEE3A67-8367-4EC8-A33C-E63361F30A02}"
EndProject
Global
	GlobalSection(SolutionConfigurationPlatforms) = preSolution
		Debug|Any CPU = Debug|Any CPU
		Release|Any CPU = Release|Any CPU
	EndGlobalSection
	GlobalSection(ProjectConfigurationPlatforms) = postSolution
		{FBEE3A67-8367-4EC8-A33C-E63361F30A02}.Debug|Any CPU.ActiveCfg = Debug|Any CPU
		{FBEE3A67-8367-4EC8-A33C-E63361F30A02}.Debug|Any CPU.Build.0 = Debug|Any CPU
		{FBEE3A67-8367-4EC8-A33C-E63361F30A02}.Release|Any CPU.ActiveCfg = Release|Any CPU
		{FBEE3A67-8367-4EC8-A33C-E63361F30A02}.Release|Any CPU.Build.0 = Release|Any CPU
	EndGlobalSection
	GlobalSection(SolutionProperties) = preSolution
		HideSolutionNode = FALSE
	EndGlobalSection
	GlobalSection(ExtensibilityGlobals) = postSolution
		SolutionGuid = {39F4B144-D01B-4EC0-9F88-D0873169E112}
	EndGlobalSection
EndGlobal
